
Microsoft Visual Studio Solution File, Format Version 12.00
# Visual Studio Version 16
VisualStudioVersion = 16.0.31702.278
MinimumVisualStudioVersion = 10.0.40219.1
Project("{FAE04EC0-301F-11D3-BF4B-00C04F79EFBC}") = "Wpf_HW_16.2", "Wpf_HW_16.2\Wpf_HW_16.2.csproj", "{4EE5FD33-345B-4732-8A1B-3F51E8C4E909}"
EndProject
Global
	GlobalSection(SolutionConfigurationPlatforms) = preSolution
		Debug|Any CPU = Debug|Any CPU
		Release|Any CPU = Release|Any CPU
	EndGlobalSection
	GlobalSection(ProjectConfigurationPlatforms) = postSolution
		{4EE5FD33-345B-4732-8A1B-3F51E8C4E909}.Debug|Any CPU.ActiveCfg = Debug|Any CPU
		{4EE5FD33-345B-4732-8A1B-3F51E8C4E909}.Debug|Any CPU.Build.0 = Debug|Any CPU
		{4EE5FD33-345B-4732-8A1B-3F51E8C4E909}.Release|Any CPU.ActiveCfg = Release|Any CPU
		{4EE5FD33-345B-4732-8A1B-3F51E8C4E909}.Release|Any CPU.Build.0 = Release|Any CPU
	EndGlobalSection
	GlobalSection(SolutionProperties) = preSolution
		HideSolutionNode = FALSE
	EndGlobalSection
	GlobalSection(ExtensibilityGlobals) = postSolution
		SolutionGuid = {73C61D48-5FA4-4688-A3E2-6F580B1B3C21}
	EndGlobalSection
EndGlobal
